
Microsoft Visual Studio Solution File, Format Version 12.00
# Visual Studio 2013
VisualStudioVersion = 12.0.30501.0
MinimumVisualStudioVersion = 10.0.40219.1
Project("{FAE04EC0-301F-11D3-BF4B-00C04F79EFBC}") = "NuGet.Services.Platform", "src\NuGet.Services.Platform\NuGet.Services.Platform.csproj", "{EF86883E-A1B4-4052-9222-51A01C6C41CD}"
EndProject
Project("{FAE04EC0-301F-11D3-BF4B-00C04F79EFBC}") = "NuGet.Services.Platform.Facts", "src\NuGet.Services.Platform.Facts\NuGet.Services.Platform.Facts.csproj", "{304B7FDA-3111-4670-9E77-4E5F20C89A8C}"
EndProject
Project("{FAE04EC0-301F-11D3-BF4B-00C04F79EFBC}") = "NuGet.Services.Platform.Client", "src\NuGet.Services.Platform.Client\NuGet.Services.Platform.Client.csproj", "{3BE823F7-53AA-4263-A953-06BF643F0E43}"
EndProject
Project("{FAE04EC0-301F-11D3-BF4B-00C04F79EFBC}") = "NuGet.Services.TestCommon", "src\NuGet.Services.TestCommon\NuGet.Services.TestCommon.csproj", "{30E5A7B6-F96A-412B-AC8F-9A279EC6A6DE}"
EndProject
Project("{FAE04EC0-301F-11D3-BF4B-00C04F79EFBC}") = "NuHost", "src\NuHost\NuHost.csproj", "{238BF4BE-F481-4725-A239-E899E686F024}"
EndProject
Project("{FAE04EC0-301F-11D3-BF4B-00C04F79EFBC}") = "NuGet.Services.Test.Echo", "src\NuGet.Services.Test.Echo\NuGet.Services.Test.Echo.csproj", "{DFBDE216-CACB-4DBD-90C7-5F1180659897}"
EndProject
Global
	GlobalSection(SolutionConfigurationPlatforms) = preSolution
		Debug|Any CPU = Debug|Any CPU
		Debug|x64 = Debug|x64
		Debug|x86 = Debug|x86
		Release|Any CPU = Release|Any CPU
		Release|x64 = Release|x64
		Release|x86 = Release|x86
	EndGlobalSection
	GlobalSection(ProjectConfigurationPlatforms) = postSolution
		{EF86883E-A1B4-4052-9222-51A01C6C41CD}.Debug|Any CPU.ActiveCfg = Debug|Any CPU
		{EF86883E-A1B4-4052-9222-51A01C6C41CD}.Debug|Any CPU.Build.0 = Debug|Any CPU
		{EF86883E-A1B4-4052-9222-51A01C6C41CD}.Debug|x64.ActiveCfg = Debug|Any CPU
		{EF86883E-A1B4-4052-9222-51A01C6C41CD}.Debug|x64.Build.0 = Debug|Any CPU
		{EF86883E-A1B4-4052-9222-51A01C6C41CD}.Debug|x86.ActiveCfg = Debug|Any CPU
		{EF86883E-A1B4-4052-9222-51A01C6C41CD}.Debug|x86.Build.0 = Debug|Any CPU
		{EF86883E-A1B4-4052-9222-51A01C6C41CD}.Release|Any CPU.ActiveCfg = Release|Any CPU
		{EF86883E-A1B4-4052-9222-51A01C6C41CD}.Release|Any CPU.Build.0 = Release|Any CPU
		{EF86883E-A1B4-4052-9222-51A01C6C41CD}.Release|x64.ActiveCfg = Release|Any CPU
		{EF86883E-A1B4-4052-9222-51A01C6C41CD}.Release|x64.Build.0 = Release|Any CPU
		{EF86883E-A1B4-4052-9222-51A01C6C41CD}.Release|x86.ActiveCfg = Release|Any CPU
		{EF86883E-A1B4-4052-9222-51A01C6C41CD}.Release|x86.Build.0 = Release|Any CPU
		{304B7FDA-3111-4670-9E77-4E5F20C89A8C}.Debug|Any CPU.ActiveCfg = Debug|Any CPU
		{304B7FDA-3111-4670-9E77-4E5F20C89A8C}.Debug|Any CPU.Build.0 = Debug|Any CPU
		{304B7FDA-3111-4670-9E77-4E5F20C89A8C}.Debug|x64.ActiveCfg = Debug|Any CPU
		{304B7FDA-3111-4670-9E77-4E5F20C89A8C}.Debug|x64.Build.0 = Debug|Any CPU
		{304B7FDA-3111-4670-9E77-4E5F20C89A8C}.Debug|x86.ActiveCfg = Debug|Any CPU
		{304B7FDA-3111-4670-9E77-4E5F20C89A8C}.Debug|x86.Build.0 = Debug|Any CPU
		{304B7FDA-3111-4670-9E77-4E5F20C89A8C}.Release|Any CPU.ActiveCfg = Release|Any CPU
		{304B7FDA-3111-4670-9E77-4E5F20C89A8C}.Release|Any CPU.Build.0 = Release|Any CPU
		{304B7FDA-3111-4670-9E77-4E5F20C89A8C}.Release|x64.ActiveCfg = Release|Any CPU
		{304B7FDA-3111-4670-9E77-4E5F20C89A8C}.Release|x64.Build.0 = Release|Any CPU
		{304B7FDA-3111-4670-9E77-4E5F20C89A8C}.Release|x86.ActiveCfg = Release|Any CPU
		{304B7FDA-3111-4670-9E77-4E5F20C89A8C}.Release|x86.Build.0 = Release|Any CPU
		{3BE823F7-53AA-4263-A953-06BF643F0E43}.Debug|Any CPU.ActiveCfg = Debug|Any CPU
		{3BE823F7-53AA-4263-A953-06BF643F0E43}.Debug|Any CPU.Build.0 = Debug|Any CPU
		{3BE823F7-53AA-4263-A953-06BF643F0E43}.Debug|x64.ActiveCfg = Debug|Any CPU
		{3BE823F7-53AA-4263-A953-06BF643F0E43}.Debug|x64.Build.0 = Debug|Any CPU
		{3BE823F7-53AA-4263-A953-06BF643F0E43}.Debug|x86.ActiveCfg = Debug|Any CPU
		{3BE823F7-53AA-4263-A953-06BF643F0E43}.Debug|x86.Build.0 = Debug|Any CPU
		{3BE823F7-53AA-4263-A953-06BF643F0E43}.Release|Any CPU.ActiveCfg = Release|Any CPU
		{3BE823F7-53AA-4263-A953-06BF643F0E43}.Release|Any CPU.Build.0 = Release|Any CPU
		{3BE823F7-53AA-4263-A953-06BF643F0E43}.Release|x64.ActiveCfg = Release|Any CPU
		{3BE823F7-53AA-4263-A953-06BF643F0E43}.Release|x64.Build.0 = Release|Any CPU
		{3BE823F7-53AA-4263-A953-06BF643F0E43}.Release|x86.ActiveCfg = Release|Any CPU
		{3BE823F7-53AA-4263-A953-06BF643F0E43}.Release|x86.Build.0 = Release|Any CPU
		{30E5A7B6-F96A-412B-AC8F-9A279EC6A6DE}.Debug|Any CPU.ActiveCfg = Debug|Any CPU
		{30E5A7B6-F96A-412B-AC8F-9A279EC6A6DE}.Debug|Any CPU.Build.0 = Debug|Any CPU
		{30E5A7B6-F96A-412B-AC8F-9A279EC6A6DE}.Debug|x64.ActiveCfg = Debug|Any CPU
		{30E5A7B6-F96A-412B-AC8F-9A279EC6A6DE}.Debug|x86.ActiveCfg = Debug|Any CPU
		{30E5A7B6-F96A-412B-AC8F-9A279EC6A6DE}.Release|Any CPU.ActiveCfg = Release|Any CPU
		{30E5A7B6-F96A-412B-AC8F-9A279EC6A6DE}.Release|Any CPU.Build.0 = Release|Any CPU
		{30E5A7B6-F96A-412B-AC8F-9A279EC6A6DE}.Release|x64.ActiveCfg = Release|Any CPU
		{30E5A7B6-F96A-412B-AC8F-9A279EC6A6DE}.Release|x86.ActiveCfg = Release|Any CPU
		{238BF4BE-F481-4725-A239-E899E686F024}.Debug|Any CPU.ActiveCfg = Debug|Any CPU
		{238BF4BE-F481-4725-A239-E899E686F024}.Debug|Any CPU.Build.0 = Debug|Any CPU
		{238BF4BE-F481-4725-A239-E899E686F024}.Debug|x64.ActiveCfg = Debug|Any CPU
		{238BF4BE-F481-4725-A239-E899E686F024}.Debug|x86.ActiveCfg = Debug|Any CPU
		{238BF4BE-F481-4725-A239-E899E686F024}.Release|Any CPU.ActiveCfg = Release|Any CPU
		{238BF4BE-F481-4725-A239-E899E686F024}.Release|Any CPU.Build.0 = Release|Any CPU
		{238BF4BE-F481-4725-A239-E899E686F024}.Release|x64.ActiveCfg = Release|Any CPU
		{238BF4BE-F481-4725-A239-E899E686F024}.Release|x86.ActiveCfg = Release|Any CPU
		{DFBDE216-CACB-4DBD-90C7-5F1180659897}.Debug|Any CPU.ActiveCfg = Debug|Any CPU
		{DFBDE216-CACB-4DBD-90C7-5F1180659897}.Debug|Any CPU.Build.0 = Debug|Any CPU
		{DFBDE216-CACB-4DBD-90C7-5F1180659897}.Debug|x64.ActiveCfg = Debug|Any CPU
		{DFBDE216-CACB-4DBD-90C7-5F1180659897}.Debug|x86.ActiveCfg = Debug|Any CPU
		{DFBDE216-CACB-4DBD-90C7-5F1180659897}.Release|Any CPU.ActiveCfg = Release|Any CPU
		{DFBDE216-CACB-4DBD-90C7-5F1180659897}.Release|Any CPU.Build.0 = Release|Any CPU
		{DFBDE216-CACB-4DBD-90C7-5F1180659897}.Release|x64.ActiveCfg = Release|Any CPU
		{DFBDE216-CACB-4DBD-90C7-5F1180659897}.Release|x86.ActiveCfg = Release|Any CPU
	EndGlobalSection
	GlobalSection(SolutionProperties) = preSolution
		HideSolutionNode = FALSE
	EndGlobalSection
EndGlobal
